
Microsoft Visual Studio Solution File, Format Version 12.00
# Visual Studio Version 17
VisualStudioVersion = 17.14.36414.22 d17.14
MinimumVisualStudioVersion = 10.0.40219.1
Project("{2150E333-8FDC-42A3-9474-1A3956D46DE8}") = "src", "src", "{02EA681E-C7D8-13C7-8484-4AC65E1B71E8}"
EndProject
Project("{2150E333-8FDC-42A3-9474-1A3956D46DE8}") = "tests", "tests", "{45F06216-7CE3-48EA-9957-0DC334429ED1}"
EndProject
Project("{2150E333-8FDC-42A3-9474-1A3956D46DE8}") = "API", "API", "{8E6EB468-7455-406B-8065-0979D96346DE}"
EndProject
Project("{2150E333-8FDC-42A3-9474-1A3956D46DE8}") = "Core", "Core", "{3A188C36-ECE3-49B1-B9EA-98E940C76282}"
EndProject
Project("{2150E333-8FDC-42A3-9474-1A3956D46DE8}") = "Infra", "Infra", "{3D0836B4-815C-4784-9DBA-5FA52F5A58C0}"
EndProject
Project("{FAE04EC0-301F-11D3-BF4B-00C04F79EFBC}") = "BookStore.Domain", "BookStore.Domain\BookStore.Domain.csproj", "{599B8E01-28B0-4467-ADDF-1C3DC43B911C}"
EndProject
Project("{FAE04EC0-301F-11D3-BF4B-00C04F79EFBC}") = "BookStore.Application", "BookStore.Application\BookStore.Application.csproj", "{82C2FF4A-77CD-4386-A7C9-7D91879B581C}"
EndProject
Global
	GlobalSection(SolutionConfigurationPlatforms) = preSolution
		Debug|Any CPU = Debug|Any CPU
		Release|Any CPU = Release|Any CPU
	EndGlobalSection
	GlobalSection(ProjectConfigurationPlatforms) = postSolution
		{599B8E01-28B0-4467-ADDF-1C3DC43B911C}.Debug|Any CPU.ActiveCfg = Debug|Any CPU
		{599B8E01-28B0-4467-ADDF-1C3DC43B911C}.Debug|Any CPU.Build.0 = Debug|Any CPU
		{599B8E01-28B0-4467-ADDF-1C3DC43B911C}.Release|Any CPU.ActiveCfg = Release|Any CPU
		{599B8E01-28B0-4467-ADDF-1C3DC43B911C}.Release|Any CPU.Build.0 = Release|Any CPU
		{82C2FF4A-77CD-4386-A7C9-7D91879B581C}.Debug|Any CPU.ActiveCfg = Debug|Any CPU
		{82C2FF4A-77CD-4386-A7C9-7D91879B581C}.Debug|Any CPU.Build.0 = Debug|Any CPU
		{82C2FF4A-77CD-4386-A7C9-7D91879B581C}.Release|Any CPU.ActiveCfg = Release|Any CPU
		{82C2FF4A-77CD-4386-A7C9-7D91879B581C}.Release|Any CPU.Build.0 = Release|Any CPU
	EndGlobalSection
	GlobalSection(SolutionProperties) = preSolution
		HideSolutionNode = FALSE
	EndGlobalSection
	GlobalSection(NestedProjects) = preSolution
		{8E6EB468-7455-406B-8065-0979D96346DE} = {02EA681E-C7D8-13C7-8484-4AC65E1B71E8}
		{3A188C36-ECE3-49B1-B9EA-98E940C76282} = {02EA681E-C7D8-13C7-8484-4AC65E1B71E8}
		{3D0836B4-815C-4784-9DBA-5FA52F5A58C0} = {02EA681E-C7D8-13C7-8484-4AC65E1B71E8}
		{599B8E01-28B0-4467-ADDF-1C3DC43B911C} = {3A188C36-ECE3-49B1-B9EA-98E940C76282}
		{82C2FF4A-77CD-4386-A7C9-7D91879B581C} = {3A188C36-ECE3-49B1-B9EA-98E940C76282}
	EndGlobalSection
	GlobalSection(ExtensibilityGlobals) = postSolution
		SolutionGuid = {952F9CB3-9EB9-42F5-AFB0-06DAD61BFA9C}
	EndGlobalSection
EndGlobal
